
Microsoft Visual Studio Solution File, Format Version 12.00
# Visual Studio Version 17
VisualStudioVersion = 17.14.36301.6 d17.14
MinimumVisualStudioVersion = 10.0.40219.1
Project("{FAE04EC0-301F-11D3-BF4B-00C04F79EFBC}") = "MIT.API", "Misr_Insurance_Task_Back\MIT.API.csproj", "{206EF2A0-2FA9-48E7-A266-95F7D49D01FE}"
EndProject
Project("{FAE04EC0-301F-11D3-BF4B-00C04F79EFBC}") = "MIT.BL", "MIT.BL\MIT.BL.csproj", "{E58CEA12-BFA0-48AB-8B23-9DEDE17F3D0F}"
EndProject
Project("{FAE04EC0-301F-11D3-BF4B-00C04F79EFBC}") = "MIT.DAL", "MIT.DAL\MIT.DAL.csproj", "{9AEE15A9-7ED3-48D5-860F-E7CCAA776E9F}"
EndProject
Global
	GlobalSection(SolutionConfigurationPlatforms) = preSolution
		Debug|Any CPU = Debug|Any CPU
		Release|Any CPU = Release|Any CPU
	EndGlobalSection
	GlobalSection(ProjectConfigurationPlatforms) = postSolution
		{206EF2A0-2FA9-48E7-A266-95F7D49D01FE}.Debug|Any CPU.ActiveCfg = Debug|Any CPU
		{206EF2A0-2FA9-48E7-A266-95F7D49D01FE}.Debug|Any CPU.Build.0 = Debug|Any CPU
		{206EF2A0-2FA9-48E7-A266-95F7D49D01FE}.Release|Any CPU.ActiveCfg = Release|Any CPU
		{206EF2A0-2FA9-48E7-A266-95F7D49D01FE}.Release|Any CPU.Build.0 = Release|Any CPU
		{E58CEA12-BFA0-48AB-8B23-9DEDE17F3D0F}.Debug|Any CPU.ActiveCfg = Debug|Any CPU
		{E58CEA12-BFA0-48AB-8B23-9DEDE17F3D0F}.Debug|Any CPU.Build.0 = Debug|Any CPU
		{E58CEA12-BFA0-48AB-8B23-9DEDE17F3D0F}.Release|Any CPU.ActiveCfg = Release|Any CPU
		{E58CEA12-BFA0-48AB-8B23-9DEDE17F3D0F}.Release|Any CPU.Build.0 = Release|Any CPU
		{9AEE15A9-7ED3-48D5-860F-E7CCAA776E9F}.Debug|Any CPU.ActiveCfg = Debug|Any CPU
		{9AEE15A9-7ED3-48D5-860F-E7CCAA776E9F}.Debug|Any CPU.Build.0 = Debug|Any CPU
		{9AEE15A9-7ED3-48D5-860F-E7CCAA776E9F}.Release|Any CPU.ActiveCfg = Release|Any CPU
		{9AEE15A9-7ED3-48D5-860F-E7CCAA776E9F}.Release|Any CPU.Build.0 = Release|Any CPU
	EndGlobalSection
	GlobalSection(SolutionProperties) = preSolution
		HideSolutionNode = FALSE
	EndGlobalSection
	GlobalSection(ExtensibilityGlobals) = postSolution
		SolutionGuid = {334D73E6-1144-40CF-AB63-D271E6AAC627}
	EndGlobalSection
EndGlobal
